// !$*UTF8*$!
{
	archiveVersion = 1;
	classes = {
	};
	objectVersion = 46;
	objects = {

/* Begin PBXBuildFile section */
		5F41A9AE1C3F89B2001E8899 /* main.swift in Sources */ = {isa = PBXBuildFile; fileRef = 5F41A9AD1C3F89B2001E8899 /* main.swift */; };
/* End PBXBuildFile section */

/* Begin PBXCopyFilesBuildPhase section */
		5F41A9A81C3F89B2001E8899 /* CopyFiles */ = {
			isa = PBXCopyFilesBuildPhase;
			buildActionMask = 2147483647;
			dstPath = /usr/share/man/man1/;
			dstSubfolderSpec = 0;
			files = (
			);
			runOnlyForDeploymentPostprocessing = 1;
		};
/* End PBXCopyFilesBuildPhase section */

/* Begin PBXFileReference section */
		5F41A9AA1C3F89B2001E8899 /* thumbnail-kit */ = {isa = PBXFileReference; explicitFileType = "compiled.mach-o.executable"; includeInIndex = 0; path = "thumbnail-kit"; sourceTree = BUILT_PRODUCTS_DIR; };
		5F41A9AD1C3F89B2001E8899 /* main.swift */ = {isa = PBXFileReference; lastKnownFileType = sourcecode.swift; path = main.swift; sourceTree = "<group>"; };
/* End PBXFileReference section */

/* Begin PBXFrameworksBuildPhase section */
		5F41A9A71C3F89B2001E8899 /* Frameworks */ = {
			isa = PBXFrameworksBuildPhase;
			buildActionMask = 2147483647;
			files = (
			);
			runOnlyForDeploymentPostprocessing = 0;
		};
/* End PBXFrameworksBuildPhase section */

/* Begin PBXGroup section */
		5F41A9A11C3F89B2001E8899 = {
			isa = PBXGroup;
			children = (
				5F41A9AC1C3F89B2001E8899 /* thumbnail-kit */,
				5F41A9AB1C3F89B2001E8899 /* Products */,
			);
			sourceTree = "<group>";
		};
		5F41A9AB1C3F89B2001E8899 /* Products */ = {
			isa = PBXGroup;
			children = (
				5F41A9AA1C3F89B2001E8899 /* thumbnail-kit */,
			);
			name = Products;
			sourceTree = "<group>";
		};
		5F41A9AC1C3F89B2001E8899 /* thumbnail-kit */ = {
			isa = PBXGroup;
			children = (
				5F41A9AD1C3F89B2001E8899 /* main.swift */,
			);
			path = "thumbnail-kit";
			sourceTree = "<group>";
		};
/* End PBXGroup section */

/* Begin PBXNativeTarget section */
		5F41A9A91C3F89B2001E8899 /* thumbnail-kit */ = {
			isa = PBXNativeTarget;
			buildConfigurationList = 5F41A9B11C3F89B2001E8899 /* Build configuration list for PBXNativeTarget "thumbnail-kit" */;
			buildPhases = (
				5F41A9A61C3F89B2001E8899 /* Sources */,
				5F41A9A71C3F89B2001E8899 /* Frameworks */,
				5F41A9A81C3F89B2001E8899 /* CopyFiles */,
			);
			buildRules = (
			);
			dependencies = (
			);
			name = "thumbnail-kit";
			productName = "thumbnail-kit";
			productReference = 5F41A9AA1C3F89B2001E8899 /* thumbnail-kit */;
			productType = "com.apple.product-type.tool";
		};
/* End PBXNativeTarget section */

/* Begin PBXProject section */
		5F41A9A21C3F89B2001E8899 /* Project object */ = {
			isa = PBXProject;
			attributes = {
				LastSwiftUpdateCheck = 0720;
				LastUpgradeCheck = 0720;
				ORGANIZATIONNAME = yayoc;
				TargetAttributes = {
					5F41A9A91C3F89B2001E8899 = {
						CreatedOnToolsVersion = 7.2;
					};
				};
			};
			buildConfigurationList = 5F41A9A51C3F89B2001E8899 /* Build configuration list for PBXProject "thumbnail-kit" */;
			compatibilityVersion = "Xcode 3.2";
			developmentRegion = English;
			hasScannedForEncodings = 0;
			knownRegions = (
				en,
			);
			mainGroup = 5F41A9A11C3F89B2001E8899;
			productRefGroup = 5F41A9AB1C3F89B2001E8899 /* Products */;
			projectDirPath = "";
			projectRoot = "";
			targets = (
				5F41A9A91C3F89B2001E8899 /* thumbnail-kit */,
			);
		};
/* End PBXProject section */

/* Begin PBXSourcesBuildPhase section */
		5F41A9A61C3F89B2001E8899 /* Sources */ = {
			isa = PBXSourcesBuildPhase;
			buildActionMask = 2147483647;
			files = (
				5F41A9AE1C3F89B2001E8899 /* main.swift in Sources */,
			);
			runOnlyForDeploymentPostprocessing = 0;
		};
/* End PBXSourcesBuildPhase section */

/* Begin XCBuildConfiguration section */
		5F41A9AF1C3F89B2001E8899 /* Debug */ = {
			isa = XCBuildConfiguration;
			buildSettings = {
				ALWAYS_SEARCH_USER_PATHS = NO;
				CLANG_CXX_LANGUAGE_STANDARD = "gnu++0x";
				CLANG_CXX_LIBRARY = "libc++";
				CLANG_ENABLE_MODULES = YES;
				CLANG_ENABLE_OBJC_ARC = YES;
				CLANG_WARN_BOOL_CONVERSION = YES;
				CLANG_WARN_CONSTANT_CONVERSION = YES;
				CLANG_WARN_DIRECT_OBJC_ISA_USAGE = YES_ERROR;
				CLANG_WARN_EMPTY_BODY = YES;
				CLANG_WARN_ENUM_CONVERSION = YES;
				CLANG_WARN_INT_CONVERSION = YES;
				CLANG_WARN_OBJC_ROOT_CLASS = YES_ERROR;
				CLANG_WARN_UNREACHABLE_CODE = YES;
				CLANG_WARN__DUPLICATE_METHOD_MATCH = YES;
				CODE_SIGN_IDENTITY = "-";
				COPY_PHASE_STRIP = NO;
				DEBUG_INFORMATION_FORMAT = dwarf;
				ENABLE_STRICT_OBJC_MSGSEND = YES;
				ENABLE_TESTABILITY = YES;
				GCC_C_LANGUAGE_STANDARD = gnu99;
				GCC_DYNAMIC_NO_PIC = NO;
				GCC_NO_COMMON_BLOCKS = YES;
				GCC_OPTIMIZATION_LEVEL = 0;
				GCC_PREPROCESSOR_DEFINITIONS = (
					"DEBUG=1",
					"$(inherited)",
				);
				GCC_WARN_64_TO_32_BIT_CONVERSION = YES;
				GCC_WARN_ABOUT_RETURN_TYPE = YES_ERROR;
				GCC_WARN_UNDECLARED_SELECTOR = YES;
				GCC_WARN_UNINITIALIZED_AUTOS = YES_AGGRESSIVE;
				GCC_WARN_UNUSED_FUNCTION = YES;
				GCC_WARN_UNUSED_VARIABLE = YES;
				MACOSX_DEPLOYMENT_TARGET = 10.11;
				MTL_ENABLE_DEBUG_INFO = YES;
				ONLY_ACTIVE_ARCH = YES;
				SDKROOT = macosx;
				SWIFT_OPTIMIZATION_LEVEL = "-Onone";
			};
			name = Debug;
		};
		5F41A9B01C3F89B2001E8899 /* Release */ = {
			isa = XCBuildConfiguration;
			buildSettings = {
				ALWAYS_SEARCH_USER_PATHS = NO;
				CLANG_CXX_LANGUAGE_STANDARD = "gnu++0x";
				CLANG_CXX_LIBRARY = "libc++";
				CLANG_ENABLE_MODULES = YES;
				CLANG_ENABLE_OBJC_ARC = YES;
				CLANG_WARN_BOOL_CONVERSION = YES;
				CLANG_WARN_CONSTANT_CONVERSION = YES;
				CLANG_WARN_DIRECT_OBJC_ISA_USAGE = YES_ERROR;
				CLANG_WARN_EMPTY_BODY = YES;
				CLANG_WARN_ENUM_CONVERSION = YES;
				CLANG_WARN_INT_CONVERSION = YES;
				CLANG_WARN_OBJC_ROOT_CLASS = YES_ERROR;
				CLANG_WARN_UNREACHABLE_CODE = YES;
				CLANG_WARN__DUPLICATE_METHOD_MATCH = YES;
				CODE_SIGN_IDENTITY = "-";
				COPY_PHASE_STRIP = NO;
				DEBUG_INFORMATION_FORMAT = "dwarf-with-dsym";
				ENABLE_NS_ASSERTIONS = NO;
				ENABLE_STRICT_OBJC_MSGSEND = YES;
				GCC_C_LANGUAGE_STANDARD = gnu99;
				GCC_NO_COMMON_BLOCKS = YES;
				GCC_WARN_64_TO_32_BIT_CONVERSION = YES;
				GCC_WARN_ABOUT_RETURN_TYPE = YES_ERROR;
				GCC_WARN_UNDECLARED_SELECTOR = YES;
				GCC_WARN_UNINITIALIZED_AUTOS = YES_AGGRESSIVE;
				GCC_WARN_UNUSED_FUNCTION = YES;
				GCC_WARN_UNUSED_VARIABLE = YES;
				MACOSX_DEPLOYMENT_TARGET = 10.11;
				MTL_ENABLE_DEBUG_INFO = NO;
				SDKROOT = macosx;
			};
			name = Release;
		};
		5F41A9B21C3F89B2001E8899 /* Debug */ = {
			isa = XCBuildConfiguration;
			buildSettings = {
				PRODUCT_NAME = "$(TARGET_NAME)";
			};
			name = Debug;
		};
		5F41A9B31C3F89B2001E8899 /* Release */ = {
			isa = XCBuildConfiguration;
			buildSettings = {
				PRODUCT_NAME = "$(TARGET_NAME)";
			};
			name = Release;
		};
/* End XCBuildConfiguration section */

/* Begin XCConfigurationList section */
		5F41A9A51C3F89B2001E8899 /* Build configuration list for PBXProject "thumbnail-kit" */ = {
			isa = XCConfigurationList;
			buildConfigurations = (
				5F41A9AF1C3F89B2001E8899 /* Debug */,
				5F41A9B01C3F89B2001E8899 /* Release */,
			);
			defaultConfigurationIsVisible = 0;
			defaultConfigurationName = Release;
		};
		5F41A9B11C3F89B2001E8899 /* Build configuration list for PBXNativeTarget "thumbnail-kit" */ = {
			isa = XCConfigurationList;
			buildConfigurations = (
				5F41A9B21C3F89B2001E8899 /* Debug */,
				5F41A9B31C3F89B2001E8899 /* Release */,
			);
			defaultConfigurationIsVisible = 0;
		};
/* End XCConfigurationList section */
	};
	rootObject = 5F41A9A21C3F89B2001E8899 /* Project object */;
}
